dependencies:
- name: chargereportserver
  repository: file://charts/chargereportserver
  version: 0.0.2
- name: ftdreceiver
  repository: file://charts/ftdreceiver
  version: 0.0.2
- name: glpdatasink
  repository: file://charts/glpdatasink
  version: 0.0.2
- name: mtd
  repository: file://charts/mtd
  version: 0.0.2
- name: photon
  repository: file://charts/photon
  version: 0.0.2
- name: positianstream
  repository: file://charts/positianstream
  version: 0.0.2
- name: positianui
  repository: file://charts/positianui
  version: 0.0.2
- name: roadnetworkservice
  repository: file://charts/roadnetworkservice
  version: 0.0.2
- name: tcmappingeditor
  repository: file://charts/tcmappingeditor
  version: 0.0.2
- name: tcmsky
  repository: file://charts/tcmsky
  version: 0.0.2
- name: tcservice
  repository: file://charts/tcservice
  version: 0.0.2
- name: tileserver
  repository: file://charts/tileserver
  version: 0.0.2
- name: tracker
  repository: file://charts/tracker
  version: 0.0.2
- name: tripbuilder
  repository: file://charts/tripbuilder
  version: 0.0.2
digest: sha256:263ab10835b0800d9682519a1f0e76bbaae998d502bf0842cfe06c5bd62e36a9
generated: "2025-10-16T15:39:41.295025+02:00"
